
Microsoft Visual Studio Solution File, Format Version 12.00
# Visual Studio Version 16
VisualStudioVersion = 16.0.31613.86
MinimumVisualStudioVersion = 10.0.40219.1
Project("{FAE04EC0-301F-11D3-BF4B-00C04F79EFBC}") = "HW3Project1", "HW3Project1\HW3Project1.csproj", "{A2FECEFB-AA97-40D6-A6B1-928822EE4D0D}"
EndProject
Global
	GlobalSection(SolutionConfigurationPlatforms) = preSolution
		Debug|Any CPU = Debug|Any CPU
		Release|Any CPU = Release|Any CPU
	EndGlobalSection
	GlobalSection(ProjectConfigurationPlatforms) = postSolution
		{A2FECEFB-AA97-40D6-A6B1-928822EE4D0D}.Debug|Any CPU.ActiveCfg = Debug|Any CPU
		{A2FECEFB-AA97-40D6-A6B1-928822EE4D0D}.Debug|Any CPU.Build.0 = Debug|Any CPU
		{A2FECEFB-AA97-40D6-A6B1-928822EE4D0D}.Release|Any CPU.ActiveCfg = Release|Any CPU
		{A2FECEFB-AA97-40D6-A6B1-928822EE4D0D}.Release|Any CPU.Build.0 = Release|Any CPU
	EndGlobalSection
	GlobalSection(SolutionProperties) = preSolution
		HideSolutionNode = FALSE
	EndGlobalSection
	GlobalSection(ExtensibilityGlobals) = postSolution
		SolutionGuid = {274C7381-6123-41C1-AADF-851A4BD4C6BD}
	EndGlobalSection
EndGlobal
